
Microsoft Visual Studio Solution File, Format Version 12.00
# Visual Studio Version 17
VisualStudioVersion = 17.9.34622.214
MinimumVisualStudioVersion = 10.0.40219.1
Project("{FAE04EC0-301F-11D3-BF4B-00C04F79EFBC}") = "ModuloTres", "ModuloTres.csproj", "{2B30B8EA-8D4D-481F-869B-BD27695D139C}"
EndProject
Global
	GlobalSection(SolutionConfigurationPlatforms) = preSolution
		Debug|Any CPU = Debug|Any CPU
		Release|Any CPU = Release|Any CPU
	EndGlobalSection
	GlobalSection(ProjectConfigurationPlatforms) = postSolution
		{2B30B8EA-8D4D-481F-869B-BD27695D139C}.Debug|Any CPU.ActiveCfg = Debug|Any CPU
		{2B30B8EA-8D4D-481F-869B-BD27695D139C}.Debug|Any CPU.Build.0 = Debug|Any CPU
		{2B30B8EA-8D4D-481F-869B-BD27695D139C}.Release|Any CPU.ActiveCfg = Release|Any CPU
		{2B30B8EA-8D4D-481F-869B-BD27695D139C}.Release|Any CPU.Build.0 = Release|Any CPU
	EndGlobalSection
	GlobalSection(SolutionProperties) = preSolution
		HideSolutionNode = FALSE
	EndGlobalSection
	GlobalSection(ExtensibilityGlobals) = postSolution
		SolutionGuid = {2B36F3CB-E2E1-4549-94E4-64084B4ACB66}
	EndGlobalSection
EndGlobal
